
Microsoft Visual Studio Solution File, Format Version 12.00
# Visual Studio Version 17
VisualStudioVersion = 17.11.35431.28
MinimumVisualStudioVersion = 10.0.40219.1
Project("{FAE04EC0-301F-11D3-BF4B-00C04F79EFBC}") = "InvoiceManagementSystem.Server", "InvoiceManagementSystem.Server\InvoiceManagementSystem.Server.csproj", "{8AAC4FDB-FB71-4E6E-9020-B53C84048446}"
EndProject
Global
	GlobalSection(SolutionConfigurationPlatforms) = preSolution
		Debug|Any CPU = Debug|Any CPU
		Release|Any CPU = Release|Any CPU
	EndGlobalSection
	GlobalSection(ProjectConfigurationPlatforms) = postSolution
		{8AAC4FDB-FB71-4E6E-9020-B53C84048446}.Debug|Any CPU.ActiveCfg = Debug|Any CPU
		{8AAC4FDB-FB71-4E6E-9020-B53C84048446}.Debug|Any CPU.Build.0 = Debug|Any CPU
		{8AAC4FDB-FB71-4E6E-9020-B53C84048446}.Release|Any CPU.ActiveCfg = Release|Any CPU
		{8AAC4FDB-FB71-4E6E-9020-B53C84048446}.Release|Any CPU.Build.0 = Release|Any CPU
	EndGlobalSection
	GlobalSection(SolutionProperties) = preSolution
		HideSolutionNode = FALSE
	EndGlobalSection
	GlobalSection(ExtensibilityGlobals) = postSolution
		SolutionGuid = {7B293F02-128C-4206-9EBA-250D7B982D26}
	EndGlobalSection
EndGlobal
